
Microsoft Visual Studio Solution File, Format Version 12.00
# Visual Studio 15
VisualStudioVersion = 15.0.26730.12
MinimumVisualStudioVersion = 10.0.40219.1
Project("{FAE04EC0-301F-11D3-BF4B-00C04F79EFBC}") = "Chess1", "Chess1\Chess1.csproj", "{8C59ACC4-2B86-4C07-8DD6-17A9055687FF}"
EndProject
Global
	GlobalSection(SolutionConfigurationPlatforms) = preSolution
		Debug|Any CPU = Debug|Any CPU
		Release|Any CPU = Release|Any CPU
	EndGlobalSection
	GlobalSection(ProjectConfigurationPlatforms) = postSolution
		{8C59ACC4-2B86-4C07-8DD6-17A9055687FF}.Debug|Any CPU.ActiveCfg = Debug|Any CPU
		{8C59ACC4-2B86-4C07-8DD6-17A9055687FF}.Debug|Any CPU.Build.0 = Debug|Any CPU
		{8C59ACC4-2B86-4C07-8DD6-17A9055687FF}.Release|Any CPU.ActiveCfg = Release|Any CPU
		{8C59ACC4-2B86-4C07-8DD6-17A9055687FF}.Release|Any CPU.Build.0 = Release|Any CPU
	EndGlobalSection
	GlobalSection(SolutionProperties) = preSolution
		HideSolutionNode = FALSE
	EndGlobalSection
	GlobalSection(ExtensibilityGlobals) = postSolution
		SolutionGuid = {2617F94D-3AF3-40A8-9DB4-FEF169F27AE0}
	EndGlobalSection
EndGlobal
